
Microsoft Visual Studio Solution File, Format Version 12.00
# Visual Studio 2012
Project("{FAE04EC0-301F-11D3-BF4B-00C04F79EFBC}") = "Appli_OCRoom", "Appli_OCRoom\Appli_OCRoom.csproj", "{19DB3D0C-A320-40D9-ADC4-1DDFD9AD3138}"
EndProject
Project("{FAE04EC0-301F-11D3-BF4B-00C04F79EFBC}") = "OC-Room_TP2", "OC-Room_TP2\OC-Room_TP2.csproj", "{F74CBC22-C42E-45EA-A3E9-8D2DEFCBE4F9}"
EndProject
Project("{FAE04EC0-301F-11D3-BF4B-00C04F79EFBC}") = "OC-Room_TP1", "OC-Room_TP1\OC-Room_TP1.csproj", "{CA3B6BE9-BDE0-473D-88BD-CDCD5494FBA4}"
EndProject
Project("{FAE04EC0-301F-11D3-BF4B-00C04F79EFBC}") = "OC-Room_TP3", "OC-Room_TP3\OC-Room_TP3.csproj", "{FA368BF4-4796-4C00-91EB-A9D0530BA306}"
EndProject
Project("{FAE04EC0-301F-11D3-BF4B-00C04F79EFBC}") = "OC-Room_16-Cast", "OC-Room_16-Cast\OC-Room_16-Cast.csproj", "{DE582E5A-F535-4484-A201-433FF7E93BA6}"
EndProject
Project("{FAE04EC0-301F-11D3-BF4B-00C04F79EFBC}") = "OC-Room_17-Inputs", "OC-Room_17-Inputs\OC-Room_17-Inputs.csproj", "{C66DE63F-E4B0-4AB4-8E76-3BF2B5BB72FC}"
EndProject
Project("{FAE04EC0-301F-11D3-BF4B-00C04F79EFBC}") = "OC-Room_TP4", "OC-Room_TP4\OC-Room_TP4.csproj", "{5E4CDEB7-8713-4D57-933A-42E1CCFAE0D8}"
EndProject
Project("{FAE04EC0-301F-11D3-BF4B-00C04F79EFBC}") = "OC-Room2_p02", "OC-Room2_p02\OC-Room2_p02.csproj", "{0EB73D95-B2C7-438D-BA9E-F531F91240BA}"
EndProject
Project("{FAE04EC0-301F-11D3-BF4B-00C04F79EFBC}") = "OC-Room2_p05", "OC-Room2_p05\OC-Room2_p05.csproj", "{D90C1626-FC78-4F42-8A79-75CA154A7B6F}"
EndProject
Global
	GlobalSection(SolutionConfigurationPlatforms) = preSolution
		Debug|x86 = Debug|x86
		Release|x86 = Release|x86
	EndGlobalSection
	GlobalSection(ProjectConfigurationPlatforms) = postSolution
		{19DB3D0C-A320-40D9-ADC4-1DDFD9AD3138}.Debug|x86.ActiveCfg = Debug|x86
		{19DB3D0C-A320-40D9-ADC4-1DDFD9AD3138}.Debug|x86.Build.0 = Debug|x86
		{19DB3D0C-A320-40D9-ADC4-1DDFD9AD3138}.Release|x86.ActiveCfg = Release|x86
		{19DB3D0C-A320-40D9-ADC4-1DDFD9AD3138}.Release|x86.Build.0 = Release|x86
		{F74CBC22-C42E-45EA-A3E9-8D2DEFCBE4F9}.Debug|x86.ActiveCfg = Debug|x86
		{F74CBC22-C42E-45EA-A3E9-8D2DEFCBE4F9}.Debug|x86.Build.0 = Debug|x86
		{F74CBC22-C42E-45EA-A3E9-8D2DEFCBE4F9}.Release|x86.ActiveCfg = Release|x86
		{F74CBC22-C42E-45EA-A3E9-8D2DEFCBE4F9}.Release|x86.Build.0 = Release|x86
		{CA3B6BE9-BDE0-473D-88BD-CDCD5494FBA4}.Debug|x86.ActiveCfg = Debug|x86
		{CA3B6BE9-BDE0-473D-88BD-CDCD5494FBA4}.Debug|x86.Build.0 = Debug|x86
		{CA3B6BE9-BDE0-473D-88BD-CDCD5494FBA4}.Release|x86.ActiveCfg = Release|x86
		{CA3B6BE9-BDE0-473D-88BD-CDCD5494FBA4}.Release|x86.Build.0 = Release|x86
		{FA368BF4-4796-4C00-91EB-A9D0530BA306}.Debug|x86.ActiveCfg = Debug|x86
		{FA368BF4-4796-4C00-91EB-A9D0530BA306}.Debug|x86.Build.0 = Debug|x86
		{FA368BF4-4796-4C00-91EB-A9D0530BA306}.Release|x86.ActiveCfg = Release|x86
		{FA368BF4-4796-4C00-91EB-A9D0530BA306}.Release|x86.Build.0 = Release|x86
		{DE582E5A-F535-4484-A201-433FF7E93BA6}.Debug|x86.ActiveCfg = Debug|x86
		{DE582E5A-F535-4484-A201-433FF7E93BA6}.Debug|x86.Build.0 = Debug|x86
		{DE582E5A-F535-4484-A201-433FF7E93BA6}.Release|x86.ActiveCfg = Release|x86
		{DE582E5A-F535-4484-A201-433FF7E93BA6}.Release|x86.Build.0 = Release|x86
		{C66DE63F-E4B0-4AB4-8E76-3BF2B5BB72FC}.Debug|x86.ActiveCfg = Debug|x86
		{C66DE63F-E4B0-4AB4-8E76-3BF2B5BB72FC}.Debug|x86.Build.0 = Debug|x86
		{C66DE63F-E4B0-4AB4-8E76-3BF2B5BB72FC}.Release|x86.ActiveCfg = Release|x86
		{C66DE63F-E4B0-4AB4-8E76-3BF2B5BB72FC}.Release|x86.Build.0 = Release|x86
		{5E4CDEB7-8713-4D57-933A-42E1CCFAE0D8}.Debug|x86.ActiveCfg = Debug|x86
		{5E4CDEB7-8713-4D57-933A-42E1CCFAE0D8}.Debug|x86.Build.0 = Debug|x86
		{5E4CDEB7-8713-4D57-933A-42E1CCFAE0D8}.Release|x86.ActiveCfg = Release|x86
		{5E4CDEB7-8713-4D57-933A-42E1CCFAE0D8}.Release|x86.Build.0 = Release|x86
		{0EB73D95-B2C7-438D-BA9E-F531F91240BA}.Debug|x86.ActiveCfg = Debug|x86
		{0EB73D95-B2C7-438D-BA9E-F531F91240BA}.Debug|x86.Build.0 = Debug|x86
		{0EB73D95-B2C7-438D-BA9E-F531F91240BA}.Release|x86.ActiveCfg = Release|x86
		{0EB73D95-B2C7-438D-BA9E-F531F91240BA}.Release|x86.Build.0 = Release|x86
		{D90C1626-FC78-4F42-8A79-75CA154A7B6F}.Debug|x86.ActiveCfg = Debug|x86
		{D90C1626-FC78-4F42-8A79-75CA154A7B6F}.Debug|x86.Build.0 = Debug|x86
		{D90C1626-FC78-4F42-8A79-75CA154A7B6F}.Release|x86.ActiveCfg = Release|x86
		{D90C1626-FC78-4F42-8A79-75CA154A7B6F}.Release|x86.Build.0 = Release|x86
	EndGlobalSection
EndGlobal
